
Microsoft Visual Studio Solution File, Format Version 12.00
# Visual Studio 2013
VisualStudioVersion = 12.0.31101.0
MinimumVisualStudioVersion = 10.0.40219.1
Project("{FAE04EC0-301F-11D3-BF4B-00C04F79EFBC}") = "TestMVC", "TestMVC\TestMVC.csproj", "{AA33A87A-E046-45D3-B969-1B87B93AB18B}"
EndProject
Project("{FAE04EC0-301F-11D3-BF4B-00C04F79EFBC}") = "TestMVC.Tests", "TestMVC.Tests\TestMVC.Tests.csproj", "{C1528102-58B7-4261-A6F5-6EB56E88F007}"
EndProject
Global
	GlobalSection(SolutionConfigurationPlatforms) = preSolution
		Debug|Any CPU = Debug|Any CPU
		Release|Any CPU = Release|Any CPU
	EndGlobalSection
	GlobalSection(ProjectConfigurationPlatforms) = postSolution
		{AA33A87A-E046-45D3-B969-1B87B93AB18B}.Debug|Any CPU.ActiveCfg = Debug|Any CPU
		{AA33A87A-E046-45D3-B969-1B87B93AB18B}.Debug|Any CPU.Build.0 = Debug|Any CPU
		{AA33A87A-E046-45D3-B969-1B87B93AB18B}.Release|Any CPU.ActiveCfg = Release|Any CPU
		{AA33A87A-E046-45D3-B969-1B87B93AB18B}.Release|Any CPU.Build.0 = Release|Any CPU
		{C1528102-58B7-4261-A6F5-6EB56E88F007}.Debug|Any CPU.ActiveCfg = Debug|Any CPU
		{C1528102-58B7-4261-A6F5-6EB56E88F007}.Debug|Any CPU.Build.0 = Debug|Any CPU
		{C1528102-58B7-4261-A6F5-6EB56E88F007}.Release|Any CPU.ActiveCfg = Release|Any CPU
		{C1528102-58B7-4261-A6F5-6EB56E88F007}.Release|Any CPU.Build.0 = Release|Any CPU
	EndGlobalSection
	GlobalSection(SolutionProperties) = preSolution
		HideSolutionNode = FALSE
	EndGlobalSection
EndGlobal
